// !$*UTF8*$!
{
	archiveVersion = 1;
	classes = {
	};
	objectVersion = 51;
	objects = {

/* Begin PBXBuildFile section */
		4DF9D629464E2AEEF6B6DA73 /* Pods_GBShopTests.framework in Frameworks */ = {isa = PBXBuildFile; fileRef = BFB95C3F4557BFEA9583FDB1 /* Pods_GBShopTests.framework */; };
		69EB99BF39B9EDC6DFC69812 /* Pods_GBShop_GBShopUITests.framework in Frameworks */ = {isa = PBXBuildFile; fileRef = 429DAAE80CA1DDDE66531524 /* Pods_GBShop_GBShopUITests.framework */; };
		D9C8356ADB18D2BB9FCB8233 /* Pods_GBShop.framework in Frameworks */ = {isa = PBXBuildFile; fileRef = 9F84E0DAEB3EDFA203181152 /* Pods_GBShop.framework */; };
		E764B88026CA84E70008719D /* SceneDelegate.swift in Sources */ = {isa = PBXBuildFile; fileRef = E764B87F26CA84E70008719D /* SceneDelegate.swift */; };
		E764B88726CA84E80008719D /* Assets.xcassets in Resources */ = {isa = PBXBuildFile; fileRef = E764B88626CA84E80008719D /* Assets.xcassets */; };
		E764B88A26CA84E80008719D /* LaunchScreen.storyboard in Resources */ = {isa = PBXBuildFile; fileRef = E764B88826CA84E80008719D /* LaunchScreen.storyboard */; };
		E764B89526CA84E80008719D /* GBShopTests.swift in Sources */ = {isa = PBXBuildFile; fileRef = E764B89426CA84E80008719D /* GBShopTests.swift */; };
		E764B8A026CA84E80008719D /* GBShopUITests.swift in Sources */ = {isa = PBXBuildFile; fileRef = E764B89F26CA84E80008719D /* GBShopUITests.swift */; };
		E76D00A626DA579F00F98D4C /* AppDelegate.swift in Sources */ = {isa = PBXBuildFile; fileRef = E764B87D26CA84E70008719D /* AppDelegate.swift */; };
		E76D00A826DCB2A600F98D4C /* CatalogData.swift in Sources */ = {isa = PBXBuildFile; fileRef = E76D00A726DCB2A600F98D4C /* CatalogData.swift */; };
		E76D00AA26DCB36D00F98D4C /* GetGoodById.swift in Sources */ = {isa = PBXBuildFile; fileRef = E76D00A926DCB36D00F98D4C /* GetGoodById.swift */; };
		E76D00B326DCC65500F98D4C /* GoodsRequestFactory.swift in Sources */ = {isa = PBXBuildFile; fileRef = E76D00B226DCC65500F98D4C /* GoodsRequestFactory.swift */; };
		E76D00B526DCC89200F98D4C /* Goods.swift in Sources */ = {isa = PBXBuildFile; fileRef = E76D00B426DCC89200F98D4C /* Goods.swift */; };
		E76D00B726DCF45400F98D4C /* ResponseCodableTest.swift in Sources */ = {isa = PBXBuildFile; fileRef = E76D00B626DCF45400F98D4C /* ResponseCodableTest.swift */; };
		E76D00B926DCF61700F98D4C /* AuthTest.swift in Sources */ = {isa = PBXBuildFile; fileRef = E76D00B826DCF61700F98D4C /* AuthTest.swift */; };
		E76D00BB26DCF62F00F98D4C /* GoodsTest.swift in Sources */ = {isa = PBXBuildFile; fileRef = E76D00BA26DCF62F00F98D4C /* GoodsTest.swift */; };
		E7B2EA4326D3C4D800643C90 /* AbstractErrorParser.swift in Sources */ = {isa = PBXBuildFile; fileRef = E7B2EA4226D3C4D800643C90 /* AbstractErrorParser.swift */; };
		E7B2EA4526D3C58D00643C90 /* ErrorParser.swift in Sources */ = {isa = PBXBuildFile; fileRef = E7B2EA4426D3C58D00643C90 /* ErrorParser.swift */; };
		E7B2EA4726D3C5B800643C90 /* CustomDecodableSerializer.swift in Sources */ = {isa = PBXBuildFile; fileRef = E7B2EA4626D3C5B800643C90 /* CustomDecodableSerializer.swift */; };
		E7B2EA4926D3C97600643C90 /* DataRequest.swift in Sources */ = {isa = PBXBuildFile; fileRef = E7B2EA4826D3C97600643C90 /* DataRequest.swift */; };
		E7B2EA4B26D3C9C500643C90 /* RequestRouter.swift in Sources */ = {isa = PBXBuildFile; fileRef = E7B2EA4A26D3C9C500643C90 /* RequestRouter.swift */; };
		E7B2EA4E26D3CBC300643C90 /* LoginResult.swift in Sources */ = {isa = PBXBuildFile; fileRef = E7B2EA4D26D3CBC300643C90 /* LoginResult.swift */; };
		E7B2EA5026D3CC6100643C90 /* LogoutResult.swift in Sources */ = {isa = PBXBuildFile; fileRef = E7B2EA4F26D3CC6100643C90 /* LogoutResult.swift */; };
		E7B2EA5226D3CD1A00643C90 /* RegistrationResult.swift in Sources */ = {isa = PBXBuildFile; fileRef = E7B2EA5126D3CD1A00643C90 /* RegistrationResult.swift */; };
		E7B2EA5426D3CD5600643C90 /* ChangeUserDataResult.swift in Sources */ = {isa = PBXBuildFile; fileRef = E7B2EA5326D3CD5600643C90 /* ChangeUserDataResult.swift */; };
		E7B2EA5726D3CE4100643C90 /* AuthRequestFactory.swift in Sources */ = {isa = PBXBuildFile; fileRef = E7B2EA5626D3CE4100643C90 /* AuthRequestFactory.swift */; };
		E7B2EA5926D3CEE000643C90 /* Auth.swift in Sources */ = {isa = PBXBuildFile; fileRef = E7B2EA5826D3CEE000643C90 /* Auth.swift */; };
		E7B2EA5B26D3D0A800643C90 /* RequestFactory.swift in Sources */ = {isa = PBXBuildFile; fileRef = E7B2EA5A26D3D0A800643C90 /* RequestFactory.swift */; };
		E7D0618626DE546A00D908D5 /* RegisterAndUpdateFactory.swift in Sources */ = {isa = PBXBuildFile; fileRef = E7D0618526DE546A00D908D5 /* RegisterAndUpdateFactory.swift */; };
		E7D0618826DE55E800D908D5 /* Register.swift in Sources */ = {isa = PBXBuildFile; fileRef = E7D0618726DE55E800D908D5 /* Register.swift */; };
		E7D5F12F26DEAAF9008459DF /* UserResult.swift in Sources */ = {isa = PBXBuildFile; fileRef = E7D5F12E26DEAAF9008459DF /* UserResult.swift */; };
/* End PBXBuildFile section */

/* Begin PBXContainerItemProxy section */
		E764B89126CA84E80008719D /* PBXContainerItemProxy */ = {
			isa = PBXContainerItemProxy;
			containerPortal = E764B87226CA84E70008719D /* Project object */;
			proxyType = 1;
			remoteGlobalIDString = E764B87926CA84E70008719D;
			remoteInfo = GBShop;
		};
		E764B89C26CA84E80008719D /* PBXContainerItemProxy */ = {
			isa = PBXContainerItemProxy;
			containerPortal = E764B87226CA84E70008719D /* Project object */;
			proxyType = 1;
			remoteGlobalIDString = E764B87926CA84E70008719D;
			remoteInfo = GBShop;
		};
/* End PBXContainerItemProxy section */

/* Begin PBXFileReference section */
		38519D13093567142E810E1E /* Pods-GBShop.debug.xcconfig */ = {isa = PBXFileReference; includeInIndex = 1; lastKnownFileType = text.xcconfig; name = "Pods-GBShop.debug.xcconfig"; path = "Target Support Files/Pods-GBShop/Pods-GBShop.debug.xcconfig"; sourceTree = "<group>"; };
		429DAAE80CA1DDDE66531524 /* Pods_GBShop_GBShopUITests.framework */ = {isa = PBXFileReference; explicitFileType = wrapper.framework; includeInIndex = 0; path = Pods_GBShop_GBShopUITests.framework; sourceTree = BUILT_PRODUCTS_DIR; };
		5CBB3CFE6284474F595F9CA2 /* Pods-GBShopTests.release.xcconfig */ = {isa = PBXFileReference; includeInIndex = 1; lastKnownFileType = text.xcconfig; name = "Pods-GBShopTests.release.xcconfig"; path = "Target Support Files/Pods-GBShopTests/Pods-GBShopTests.release.xcconfig"; sourceTree = "<group>"; };
		9F84E0DAEB3EDFA203181152 /* Pods_GBShop.framework */ = {isa = PBXFileReference; explicitFileType = wrapper.framework; includeInIndex = 0; path = Pods_GBShop.framework; sourceTree = BUILT_PRODUCTS_DIR; };
		BFB95C3F4557BFEA9583FDB1 /* Pods_GBShopTests.framework */ = {isa = PBXFileReference; explicitFileType = wrapper.framework; includeInIndex = 0; path = Pods_GBShopTests.framework; sourceTree = BUILT_PRODUCTS_DIR; };
		C1FE6E41666ABF4A6D85F626 /* Pods-GBShop.release.xcconfig */ = {isa = PBXFileReference; includeInIndex = 1; lastKnownFileType = text.xcconfig; name = "Pods-GBShop.release.xcconfig"; path = "Target Support Files/Pods-GBShop/Pods-GBShop.release.xcconfig"; sourceTree = "<group>"; };
		CBA22F42FD69D6AC92E04AD3 /* Pods-GBShopTests.debug.xcconfig */ = {isa = PBXFileReference; includeInIndex = 1; lastKnownFileType = text.xcconfig; name = "Pods-GBShopTests.debug.xcconfig"; path = "Target Support Files/Pods-GBShopTests/Pods-GBShopTests.debug.xcconfig"; sourceTree = "<group>"; };
		E764B87A26CA84E70008719D /* GBShop.app */ = {isa = PBXFileReference; explicitFileType = wrapper.application; includeInIndex = 0; path = GBShop.app; sourceTree = BUILT_PRODUCTS_DIR; };
		E764B87D26CA84E70008719D /* AppDelegate.swift */ = {isa = PBXFileReference; lastKnownFileType = sourcecode.swift; path = AppDelegate.swift; sourceTree = "<group>"; };
		E764B87F26CA84E70008719D /* SceneDelegate.swift */ = {isa = PBXFileReference; lastKnownFileType = sourcecode.swift; path = SceneDelegate.swift; sourceTree = "<group>"; };
		E764B88626CA84E80008719D /* Assets.xcassets */ = {isa = PBXFileReference; lastKnownFileType = folder.assetcatalog; path = Assets.xcassets; sourceTree = "<group>"; };
		E764B88926CA84E80008719D /* Base */ = {isa = PBXFileReference; lastKnownFileType = file.storyboard; name = Base; path = Base.lproj/LaunchScreen.storyboard; sourceTree = "<group>"; };
		E764B88B26CA84E80008719D /* Info.plist */ = {isa = PBXFileReference; lastKnownFileType = text.plist.xml; path = Info.plist; sourceTree = "<group>"; };
		E764B89026CA84E80008719D /* GBShopTests.xctest */ = {isa = PBXFileReference; explicitFileType = wrapper.cfbundle; includeInIndex = 0; path = GBShopTests.xctest; sourceTree = BUILT_PRODUCTS_DIR; };
		E764B89426CA84E80008719D /* GBShopTests.swift */ = {isa = PBXFileReference; lastKnownFileType = sourcecode.swift; path = GBShopTests.swift; sourceTree = "<group>"; };
		E764B89626CA84E80008719D /* Info.plist */ = {isa = PBXFileReference; lastKnownFileType = text.plist.xml; path = Info.plist; sourceTree = "<group>"; };
		E764B89B26CA84E80008719D /* GBShopUITests.xctest */ = {isa = PBXFileReference; explicitFileType = wrapper.cfbundle; includeInIndex = 0; path = GBShopUITests.xctest; sourceTree = BUILT_PRODUCTS_DIR; };
		E764B89F26CA84E80008719D /* GBShopUITests.swift */ = {isa = PBXFileReference; lastKnownFileType = sourcecode.swift; path = GBShopUITests.swift; sourceTree = "<group>"; };
		E764B8A126CA84E80008719D /* Info.plist */ = {isa = PBXFileReference; lastKnownFileType = text.plist.xml; path = Info.plist; sourceTree = "<group>"; };
		E76D00A726DCB2A600F98D4C /* CatalogData.swift */ = {isa = PBXFileReference; lastKnownFileType = sourcecode.swift; path = CatalogData.swift; sourceTree = "<group>"; };
		E76D00A926DCB36D00F98D4C /* GetGoodById.swift */ = {isa = PBXFileReference; lastKnownFileType = sourcecode.swift; path = GetGoodById.swift; sourceTree = "<group>"; };
		E76D00B226DCC65500F98D4C /* GoodsRequestFactory.swift */ = {isa = PBXFileReference; lastKnownFileType = sourcecode.swift; path = GoodsRequestFactory.swift; sourceTree = "<group>"; };
		E76D00B426DCC89200F98D4C /* Goods.swift */ = {isa = PBXFileReference; lastKnownFileType = sourcecode.swift; path = Goods.swift; sourceTree = "<group>"; };
		E76D00B626DCF45400F98D4C /* ResponseCodableTest.swift */ = {isa = PBXFileReference; lastKnownFileType = sourcecode.swift; path = ResponseCodableTest.swift; sourceTree = "<group>"; };
		E76D00B826DCF61700F98D4C /* AuthTest.swift */ = {isa = PBXFileReference; lastKnownFileType = sourcecode.swift; path = AuthTest.swift; sourceTree = "<group>"; };
		E76D00BA26DCF62F00F98D4C /* GoodsTest.swift */ = {isa = PBXFileReference; lastKnownFileType = sourcecode.swift; path = GoodsTest.swift; sourceTree = "<group>"; };
		E7B2EA4226D3C4D800643C90 /* AbstractErrorParser.swift */ = {isa = PBXFileReference; lastKnownFileType = sourcecode.swift; path = AbstractErrorParser.swift; sourceTree = "<group>"; };
		E7B2EA4426D3C58D00643C90 /* ErrorParser.swift */ = {isa = PBXFileReference; lastKnownFileType = sourcecode.swift; path = ErrorParser.swift; sourceTree = "<group>"; };
		E7B2EA4626D3C5B800643C90 /* CustomDecodableSerializer.swift */ = {isa = PBXFileReference; lastKnownFileType = sourcecode.swift; path = CustomDecodableSerializer.swift; sourceTree = "<group>"; };
		E7B2EA4826D3C97600643C90 /* DataRequest.swift */ = {isa = PBXFileReference; lastKnownFileType = sourcecode.swift; path = DataRequest.swift; sourceTree = "<group>"; };
		E7B2EA4A26D3C9C500643C90 /* RequestRouter.swift */ = {isa = PBXFileReference; lastKnownFileType = sourcecode.swift; path = RequestRouter.swift; sourceTree = "<group>"; };
		E7B2EA4D26D3CBC300643C90 /* LoginResult.swift */ = {isa = PBXFileReference; lastKnownFileType = sourcecode.swift; path = LoginResult.swift; sourceTree = "<group>"; };
		E7B2EA4F26D3CC6100643C90 /* LogoutResult.swift */ = {isa = PBXFileReference; lastKnownFileType = sourcecode.swift; path = LogoutResult.swift; sourceTree = "<group>"; };
		E7B2EA5126D3CD1A00643C90 /* RegistrationResult.swift */ = {isa = PBXFileReference; lastKnownFileType = sourcecode.swift; path = RegistrationResult.swift; sourceTree = "<group>"; };
		E7B2EA5326D3CD5600643C90 /* ChangeUserDataResult.swift */ = {isa = PBXFileReference; lastKnownFileType = sourcecode.swift; path = ChangeUserDataResult.swift; sourceTree = "<group>"; };
		E7B2EA5626D3CE4100643C90 /* AuthRequestFactory.swift */ = {isa = PBXFileReference; lastKnownFileType = sourcecode.swift; path = AuthRequestFactory.swift; sourceTree = "<group>"; };
		E7B2EA5826D3CEE000643C90 /* Auth.swift */ = {isa = PBXFileReference; lastKnownFileType = sourcecode.swift; path = Auth.swift; sourceTree = "<group>"; };
		E7B2EA5A26D3D0A800643C90 /* RequestFactory.swift */ = {isa = PBXFileReference; lastKnownFileType = sourcecode.swift; path = RequestFactory.swift; sourceTree = "<group>"; };
		E7D0618526DE546A00D908D5 /* RegisterAndUpdateFactory.swift */ = {isa = PBXFileReference; lastKnownFileType = sourcecode.swift; path = RegisterAndUpdateFactory.swift; sourceTree = "<group>"; };
		E7D0618726DE55E800D908D5 /* Register.swift */ = {isa = PBXFileReference; lastKnownFileType = sourcecode.swift; path = Register.swift; sourceTree = "<group>"; };
		E7D5F12E26DEAAF9008459DF /* UserResult.swift */ = {isa = PBXFileReference; lastKnownFileType = sourcecode.swift; path = UserResult.swift; sourceTree = "<group>"; };
		F1ABC5C3C27172814C347865 /* Pods-GBShop-GBShopUITests.release.xcconfig */ = {isa = PBXFileReference; includeInIndex = 1; lastKnownFileType = text.xcconfig; name = "Pods-GBShop-GBShopUITests.release.xcconfig"; path = "Target Support Files/Pods-GBShop-GBShopUITests/Pods-GBShop-GBShopUITests.release.xcconfig"; sourceTree = "<group>"; };
		F2C0C2BF1E47A4D128688B39 /* Pods-GBShop-GBShopUITests.debug.xcconfig */ = {isa = PBXFileReference; includeInIndex = 1; lastKnownFileType = text.xcconfig; name = "Pods-GBShop-GBShopUITests.debug.xcconfig"; path = "Target Support Files/Pods-GBShop-GBShopUITests/Pods-GBShop-GBShopUITests.debug.xcconfig"; sourceTree = "<group>"; };
/* End PBXFileReference section */

/* Begin PBXFrameworksBuildPhase section */
		E764B87726CA84E70008719D /* Frameworks */ = {
			isa = PBXFrameworksBuildPhase;
			buildActionMask = 2147483647;
			files = (
				D9C8356ADB18D2BB9FCB8233 /* Pods_GBShop.framework in Frameworks */,
			);
			runOnlyForDeploymentPostprocessing = 0;
		};
		E764B88D26CA84E80008719D /* Frameworks */ = {
			isa = PBXFrameworksBuildPhase;
			buildActionMask = 2147483647;
			files = (
				4DF9D629464E2AEEF6B6DA73 /* Pods_GBShopTests.framework in Frameworks */,
			);
			runOnlyForDeploymentPostprocessing = 0;
		};
		E764B89826CA84E80008719D /* Frameworks */ = {
			isa = PBXFrameworksBuildPhase;
			buildActionMask = 2147483647;
			files = (
				69EB99BF39B9EDC6DFC69812 /* Pods_GBShop_GBShopUITests.framework in Frameworks */,
			);
			runOnlyForDeploymentPostprocessing = 0;
		};
/* End PBXFrameworksBuildPhase section */

/* Begin PBXGroup section */
		396D0A666AA10B4A47A3A661 /* Frameworks */ = {
			isa = PBXGroup;
			children = (
				9F84E0DAEB3EDFA203181152 /* Pods_GBShop.framework */,
				429DAAE80CA1DDDE66531524 /* Pods_GBShop_GBShopUITests.framework */,
				BFB95C3F4557BFEA9583FDB1 /* Pods_GBShopTests.framework */,
			);
			name = Frameworks;
			sourceTree = "<group>";
		};
		DD81926C4BE17C78DF3ACF82 /* Pods */ = {
			isa = PBXGroup;
			children = (
				38519D13093567142E810E1E /* Pods-GBShop.debug.xcconfig */,
				C1FE6E41666ABF4A6D85F626 /* Pods-GBShop.release.xcconfig */,
				F2C0C2BF1E47A4D128688B39 /* Pods-GBShop-GBShopUITests.debug.xcconfig */,
				F1ABC5C3C27172814C347865 /* Pods-GBShop-GBShopUITests.release.xcconfig */,
				CBA22F42FD69D6AC92E04AD3 /* Pods-GBShopTests.debug.xcconfig */,
				5CBB3CFE6284474F595F9CA2 /* Pods-GBShopTests.release.xcconfig */,
			);
			path = Pods;
			sourceTree = "<group>";
		};
		E764B87126CA84E70008719D = {
			isa = PBXGroup;
			children = (
				E764B87C26CA84E70008719D /* GBShop */,
				E764B89326CA84E80008719D /* GBShopTests */,
				E764B89E26CA84E80008719D /* GBShopUITests */,
				E764B87B26CA84E70008719D /* Products */,
				DD81926C4BE17C78DF3ACF82 /* Pods */,
				396D0A666AA10B4A47A3A661 /* Frameworks */,
			);
			sourceTree = "<group>";
		};
		E764B87B26CA84E70008719D /* Products */ = {
			isa = PBXGroup;
			children = (
				E764B87A26CA84E70008719D /* GBShop.app */,
				E764B89026CA84E80008719D /* GBShopTests.xctest */,
				E764B89B26CA84E80008719D /* GBShopUITests.xctest */,
			);
			name = Products;
			sourceTree = "<group>";
		};
		E764B87C26CA84E70008719D /* GBShop */ = {
			isa = PBXGroup;
			children = (
				E764B8AD26CAC06F0008719D /* App */,
				E764B8B226CAC0FF0008719D /* Core */,
				E764B8B326CAC1150008719D /* Resources */,
				E764B8B426CAC12A0008719D /* Environments */,
				E764B87F26CA84E70008719D /* SceneDelegate.swift */,
			);
			path = GBShop;
			sourceTree = "<group>";
		};
		E764B89326CA84E80008719D /* GBShopTests */ = {
			isa = PBXGroup;
			children = (
				E764B89426CA84E80008719D /* GBShopTests.swift */,
				E76D00B626DCF45400F98D4C /* ResponseCodableTest.swift */,
				E76D00B826DCF61700F98D4C /* AuthTest.swift */,
				E76D00BA26DCF62F00F98D4C /* GoodsTest.swift */,
				E764B89626CA84E80008719D /* Info.plist */,
			);
			path = GBShopTests;
			sourceTree = "<group>";
		};
		E764B89E26CA84E80008719D /* GBShopUITests */ = {
			isa = PBXGroup;
			children = (
				E764B89F26CA84E80008719D /* GBShopUITests.swift */,
				E764B8A126CA84E80008719D /* Info.plist */,
			);
			path = GBShopUITests;
			sourceTree = "<group>";
		};
		E764B8AD26CAC06F0008719D /* App */ = {
			isa = PBXGroup;
			children = (
				E764B87D26CA84E70008719D /* AppDelegate.swift */,
				E764B8AE26CAC08B0008719D /* BusinessLogic */,
				E764B8AF26CAC0B30008719D /* Entity */,
				E764B8B026CAC0CA0008719D /* Assembly */,
				E764B8B126CAC0E00008719D /* Flow */,
			);
			path = App;
			sourceTree = "<group>";
		};
		E764B8AE26CAC08B0008719D /* BusinessLogic */ = {
			isa = PBXGroup;
			children = (
				E7B2EA5526D3CE2600643C90 /* Network */,
			);
			path = BusinessLogic;
			sourceTree = "<group>";
		};
		E764B8AF26CAC0B30008719D /* Entity */ = {
			isa = PBXGroup;
			children = (
				E7B2EA4D26D3CBC300643C90 /* LoginResult.swift */,
				E7B2EA4F26D3CC6100643C90 /* LogoutResult.swift */,
				E7B2EA5126D3CD1A00643C90 /* RegistrationResult.swift */,
				E7B2EA5326D3CD5600643C90 /* ChangeUserDataResult.swift */,
				E7D5F12E26DEAAF9008459DF /* UserResult.swift */,
				E76D00A726DCB2A600F98D4C /* CatalogData.swift */,
				E76D00A926DCB36D00F98D4C /* GetGoodById.swift */,
			);
			path = Entity;
			sourceTree = "<group>";
		};
		E764B8B026CAC0CA0008719D /* Assembly */ = {
			isa = PBXGroup;
			children = (
			);
			path = Assembly;
			sourceTree = "<group>";
		};
		E764B8B126CAC0E00008719D /* Flow */ = {
			isa = PBXGroup;
			children = (
			);
			path = Flow;
			sourceTree = "<group>";
		};
		E764B8B226CAC0FF0008719D /* Core */ = {
			isa = PBXGroup;
			children = (
				E7B2EA4126D3C47500643C90 /* Network */,
			);
			path = Core;
			sourceTree = "<group>";
		};
		E764B8B326CAC1150008719D /* Resources */ = {
			isa = PBXGroup;
			children = (
				E764B88626CA84E80008719D /* Assets.xcassets */,
				E764B88826CA84E80008719D /* LaunchScreen.storyboard */,
			);
			path = Resources;
			sourceTree = "<group>";
		};
		E764B8B426CAC12A0008719D /* Environments */ = {
			isa = PBXGroup;
			children = (
				E764B88B26CA84E80008719D /* Info.plist */,
			);
			path = Environments;
			sourceTree = "<group>";
		};
		E76D00B026DCC62800F98D4C /* Auth */ = {
			isa = PBXGroup;
			children = (
				E7B2EA5826D3CEE000643C90 /* Auth.swift */,
				E7B2EA5626D3CE4100643C90 /* AuthRequestFactory.swift */,
			);
			path = Auth;
			sourceTree = "<group>";
		};
		E76D00B126DCC63700F98D4C /* Goods */ = {
			isa = PBXGroup;
			children = (
				E76D00B226DCC65500F98D4C /* GoodsRequestFactory.swift */,
				E76D00B426DCC89200F98D4C /* Goods.swift */,
			);
			path = Goods;
			sourceTree = "<group>";
		};
		E7B2EA4126D3C47500643C90 /* Network */ = {
			isa = PBXGroup;
			children = (
				E7B2EA4C26D3CB9C00643C90 /* Models */,
				E7B2EA4226D3C4D800643C90 /* AbstractErrorParser.swift */,
				E7B2EA4626D3C5B800643C90 /* CustomDecodableSerializer.swift */,
				E7B2EA4826D3C97600643C90 /* DataRequest.swift */,
				E7B2EA4426D3C58D00643C90 /* ErrorParser.swift */,
				E7B2EA4A26D3C9C500643C90 /* RequestRouter.swift */,
			);
			path = Network;
			sourceTree = "<group>";
		};
		E7B2EA4C26D3CB9C00643C90 /* Models */ = {
			isa = PBXGroup;
			children = (
			);
			path = Models;
			sourceTree = "<group>";
		};
		E7B2EA5526D3CE2600643C90 /* Network */ = {
			isa = PBXGroup;
			children = (
				E7B2EA5A26D3D0A800643C90 /* RequestFactory.swift */,
				E76D00B026DCC62800F98D4C /* Auth */,
				E76D00B126DCC63700F98D4C /* Goods */,
				E7D0618426DE531B00D908D5 /* Register */,
			);
			path = Network;
			sourceTree = "<group>";
		};
		E7D0618426DE531B00D908D5 /* Register */ = {
			isa = PBXGroup;
			children = (
				E7D0618526DE546A00D908D5 /* RegisterAndUpdateFactory.swift */,
				E7D0618726DE55E800D908D5 /* Register.swift */,
			);
			path = Register;
			sourceTree = "<group>";
		};
/* End PBXGroup section */

/* Begin PBXNativeTarget section */
		E764B87926CA84E70008719D /* GBShop */ = {
			isa = PBXNativeTarget;
			buildConfigurationList = E764B8A426CA84E80008719D /* Build configuration list for PBXNativeTarget "GBShop" */;
			buildPhases = (
				4D161E95A8A7423F5FD68955 /* [CP] Check Pods Manifest.lock */,
				E764B87626CA84E70008719D /* Sources */,
				E764B87726CA84E70008719D /* Frameworks */,
				E764B87826CA84E70008719D /* Resources */,
				2F1D744173ACDA9DE5ACC8F5 /* [CP] Embed Pods Frameworks */,
			);
			buildRules = (
			);
			dependencies = (
			);
			name = GBShop;
			productName = GBShop;
			productReference = E764B87A26CA84E70008719D /* GBShop.app */;
			productType = "com.apple.product-type.application";
		};
		E764B88F26CA84E80008719D /* GBShopTests */ = {
			isa = PBXNativeTarget;
			buildConfigurationList = E764B8A726CA84E80008719D /* Build configuration list for PBXNativeTarget "GBShopTests" */;
			buildPhases = (
				EC501791507581612761ECB1 /* [CP] Check Pods Manifest.lock */,
				E764B88C26CA84E80008719D /* Sources */,
				E764B88D26CA84E80008719D /* Frameworks */,
				E764B88E26CA84E80008719D /* Resources */,
			);
			buildRules = (
			);
			dependencies = (
				E764B89226CA84E80008719D /* PBXTargetDependency */,
			);
			name = GBShopTests;
			productName = GBShopTests;
			productReference = E764B89026CA84E80008719D /* GBShopTests.xctest */;
			productType = "com.apple.product-type.bundle.unit-test";
		};
		E764B89A26CA84E80008719D /* GBShopUITests */ = {
			isa = PBXNativeTarget;
			buildConfigurationList = E764B8AA26CA84E80008719D /* Build configuration list for PBXNativeTarget "GBShopUITests" */;
			buildPhases = (
				A051D300A4DAED2CCFBEBA7B /* [CP] Check Pods Manifest.lock */,
				E764B89726CA84E80008719D /* Sources */,
				E764B89826CA84E80008719D /* Frameworks */,
				E764B89926CA84E80008719D /* Resources */,
				C215B2583AE4BBBEEC930A1E /* [CP] Embed Pods Frameworks */,
			);
			buildRules = (
			);
			dependencies = (
				E764B89D26CA84E80008719D /* PBXTargetDependency */,
			);
			name = GBShopUITests;
			productName = GBShopUITests;
			productReference = E764B89B26CA84E80008719D /* GBShopUITests.xctest */;
			productType = "com.apple.product-type.bundle.ui-testing";
		};
/* End PBXNativeTarget section */

/* Begin PBXProject section */
		E764B87226CA84E70008719D /* Project object */ = {
			isa = PBXProject;
			attributes = {
				LastSwiftUpdateCheck = 1250;
				LastUpgradeCheck = 1250;
				TargetAttributes = {
					E764B87926CA84E70008719D = {
						CreatedOnToolsVersion = 12.5.1;
					};
					E764B88F26CA84E80008719D = {
						CreatedOnToolsVersion = 12.5.1;
						TestTargetID = E764B87926CA84E70008719D;
					};
					E764B89A26CA84E80008719D = {
						CreatedOnToolsVersion = 12.5.1;
						TestTargetID = E764B87926CA84E70008719D;
					};
				};
			};
			buildConfigurationList = E764B87526CA84E70008719D /* Build configuration list for PBXProject "GBShop" */;
			compatibilityVersion = "Xcode 9.3";
			developmentRegion = en;
			hasScannedForEncodings = 0;
			knownRegions = (
				en,
				Base,
			);
			mainGroup = E764B87126CA84E70008719D;
			productRefGroup = E764B87B26CA84E70008719D /* Products */;
			projectDirPath = "";
			projectRoot = "";
			targets = (
				E764B87926CA84E70008719D /* GBShop */,
				E764B88F26CA84E80008719D /* GBShopTests */,
				E764B89A26CA84E80008719D /* GBShopUITests */,
			);
		};
/* End PBXProject section */

/* Begin PBXResourcesBuildPhase section */
		E764B87826CA84E70008719D /* Resources */ = {
			isa = PBXResourcesBuildPhase;
			buildActionMask = 2147483647;
			files = (
				E764B88A26CA84E80008719D /* LaunchScreen.storyboard in Resources */,
				E764B88726CA84E80008719D /* Assets.xcassets in Resources */,
			);
			runOnlyForDeploymentPostprocessing = 0;
		};
		E764B88E26CA84E80008719D /* Resources */ = {
			isa = PBXResourcesBuildPhase;
			buildActionMask = 2147483647;
			files = (
			);
			runOnlyForDeploymentPostprocessing = 0;
		};
		E764B89926CA84E80008719D /* Resources */ = {
			isa = PBXResourcesBuildPhase;
			buildActionMask = 2147483647;
			files = (
			);
			runOnlyForDeploymentPostprocessing = 0;
		};
/* End PBXResourcesBuildPhase section */

/* Begin PBXShellScriptBuildPhase section */
		2F1D744173ACDA9DE5ACC8F5 /* [CP] Embed Pods Frameworks */ = {
			isa = PBXShellScriptBuildPhase;
			buildActionMask = 2147483647;
			files = (
			);
			inputFileListPaths = (
				"${PODS_ROOT}/Target Support Files/Pods-GBShop/Pods-GBShop-frameworks-${CONFIGURATION}-input-files.xcfilelist",
			);
			name = "[CP] Embed Pods Frameworks";
			outputFileListPaths = (
				"${PODS_ROOT}/Target Support Files/Pods-GBShop/Pods-GBShop-frameworks-${CONFIGURATION}-output-files.xcfilelist",
			);
			runOnlyForDeploymentPostprocessing = 0;
			shellPath = /bin/sh;
			shellScript = "\"${PODS_ROOT}/Target Support Files/Pods-GBShop/Pods-GBShop-frameworks.sh\"\n";
			showEnvVarsInLog = 0;
		};
		4D161E95A8A7423F5FD68955 /* [CP] Check Pods Manifest.lock */ = {
			isa = PBXShellScriptBuildPhase;
			buildActionMask = 2147483647;
			files = (
			);
			inputFileListPaths = (
			);
			inputPaths = (
				"${PODS_PODFILE_DIR_PATH}/Podfile.lock",
				"${PODS_ROOT}/Manifest.lock",
			);
			name = "[CP] Check Pods Manifest.lock";
			outputFileListPaths = (
			);
			outputPaths = (
				"$(DERIVED_FILE_DIR)/Pods-GBShop-checkManifestLockResult.txt",
			);
			runOnlyForDeploymentPostprocessing = 0;
			shellPath = /bin/sh;
			shellScript = "diff \"${PODS_PODFILE_DIR_PATH}/Podfile.lock\" \"${PODS_ROOT}/Manifest.lock\" > /dev/null\nif [ $? != 0 ] ; then\n    # print error to STDERR\n    echo \"error: The sandbox is not in sync with the Podfile.lock. Run 'pod install' or update your CocoaPods installation.\" >&2\n    exit 1\nfi\n# This output is used by Xcode 'outputs' to avoid re-running this script phase.\necho \"SUCCESS\" > \"${SCRIPT_OUTPUT_FILE_0}\"\n";
			showEnvVarsInLog = 0;
		};
		A051D300A4DAED2CCFBEBA7B /* [CP] Check Pods Manifest.lock */ = {
			isa = PBXShellScriptBuildPhase;
			buildActionMask = 2147483647;
			files = (
			);
			inputFileListPaths = (
			);
			inputPaths = (
				"${PODS_PODFILE_DIR_PATH}/Podfile.lock",
				"${PODS_ROOT}/Manifest.lock",
			);
			name = "[CP] Check Pods Manifest.lock";
			outputFileListPaths = (
			);
			outputPaths = (
				"$(DERIVED_FILE_DIR)/Pods-GBShop-GBShopUITests-checkManifestLockResult.txt",
			);
			runOnlyForDeploymentPostprocessing = 0;
			shellPath = /bin/sh;
			shellScript = "diff \"${PODS_PODFILE_DIR_PATH}/Podfile.lock\" \"${PODS_ROOT}/Manifest.lock\" > /dev/null\nif [ $? != 0 ] ; then\n    # print error to STDERR\n    echo \"error: The sandbox is not in sync with the Podfile.lock. Run 'pod install' or update your CocoaPods installation.\" >&2\n    exit 1\nfi\n# This output is used by Xcode 'outputs' to avoid re-running this script phase.\necho \"SUCCESS\" > \"${SCRIPT_OUTPUT_FILE_0}\"\n";
			showEnvVarsInLog = 0;
		};
		C215B2583AE4BBBEEC930A1E /* [CP] Embed Pods Frameworks */ = {
			isa = PBXShellScriptBuildPhase;
			buildActionMask = 2147483647;
			files = (
			);
			inputFileListPaths = (
				"${PODS_ROOT}/Target Support Files/Pods-GBShop-GBShopUITests/Pods-GBShop-GBShopUITests-frameworks-${CONFIGURATION}-input-files.xcfilelist",
			);
			name = "[CP] Embed Pods Frameworks";
			outputFileListPaths = (
				"${PODS_ROOT}/Target Support Files/Pods-GBShop-GBShopUITests/Pods-GBShop-GBShopUITests-frameworks-${CONFIGURATION}-output-files.xcfilelist",
			);
			runOnlyForDeploymentPostprocessing = 0;
			shellPath = /bin/sh;
			shellScript = "\"${PODS_ROOT}/Target Support Files/Pods-GBShop-GBShopUITests/Pods-GBShop-GBShopUITests-frameworks.sh\"\n";
			showEnvVarsInLog = 0;
		};
		EC501791507581612761ECB1 /* [CP] Check Pods Manifest.lock */ = {
			isa = PBXShellScriptBuildPhase;
			buildActionMask = 2147483647;
			files = (
			);
			inputFileListPaths = (
			);
			inputPaths = (
				"${PODS_PODFILE_DIR_PATH}/Podfile.lock",
				"${PODS_ROOT}/Manifest.lock",
			);
			name = "[CP] Check Pods Manifest.lock";
			outputFileListPaths = (
			);
			outputPaths = (
				"$(DERIVED_FILE_DIR)/Pods-GBShopTests-checkManifestLockResult.txt",
			);
			runOnlyForDeploymentPostprocessing = 0;
			shellPath = /bin/sh;
			shellScript = "diff \"${PODS_PODFILE_DIR_PATH}/Podfile.lock\" \"${PODS_ROOT}/Manifest.lock\" > /dev/null\nif [ $? != 0 ] ; then\n    # print error to STDERR\n    echo \"error: The sandbox is not in sync with the Podfile.lock. Run 'pod install' or update your CocoaPods installation.\" >&2\n    exit 1\nfi\n# This output is used by Xcode 'outputs' to avoid re-running this script phase.\necho \"SUCCESS\" > \"${SCRIPT_OUTPUT_FILE_0}\"\n";
			showEnvVarsInLog = 0;
		};
/* End PBXShellScriptBuildPhase section */

/* Begin PBXSourcesBuildPhase section */
		E764B87626CA84E70008719D /* Sources */ = {
			isa = PBXSourcesBuildPhase;
			buildActionMask = 2147483647;
			files = (
				E76D00A626DA579F00F98D4C /* AppDelegate.swift in Sources */,
				E7B2EA5926D3CEE000643C90 /* Auth.swift in Sources */,
				E7B2EA4326D3C4D800643C90 /* AbstractErrorParser.swift in Sources */,
				E76D00B526DCC89200F98D4C /* Goods.swift in Sources */,
				E7B2EA5426D3CD5600643C90 /* ChangeUserDataResult.swift in Sources */,
				E7D5F12F26DEAAF9008459DF /* UserResult.swift in Sources */,
				E7B2EA5726D3CE4100643C90 /* AuthRequestFactory.swift in Sources */,
				E76D00A826DCB2A600F98D4C /* CatalogData.swift in Sources */,
				E7B2EA5026D3CC6100643C90 /* LogoutResult.swift in Sources */,
				E7B2EA4726D3C5B800643C90 /* CustomDecodableSerializer.swift in Sources */,
				E7D0618626DE546A00D908D5 /* RegisterAndUpdateFactory.swift in Sources */,
				E7B2EA4B26D3C9C500643C90 /* RequestRouter.swift in Sources */,
				E7B2EA4926D3C97600643C90 /* DataRequest.swift in Sources */,
				E764B88026CA84E70008719D /* SceneDelegate.swift in Sources */,
				E7B2EA5B26D3D0A800643C90 /* RequestFactory.swift in Sources */,
				E7D0618826DE55E800D908D5 /* Register.swift in Sources */,
				E76D00B326DCC65500F98D4C /* GoodsRequestFactory.swift in Sources */,
				E7B2EA4526D3C58D00643C90 /* ErrorParser.swift in Sources */,
				E76D00AA26DCB36D00F98D4C /* GetGoodById.swift in Sources */,
				E7B2EA5226D3CD1A00643C90 /* RegistrationResult.swift in Sources */,
				E7B2EA4E26D3CBC300643C90 /* LoginResult.swift in Sources */,
			);
			runOnlyForDeploymentPostprocessing = 0;
		};
		E764B88C26CA84E80008719D /* Sources */ = {
			isa = PBXSourcesBuildPhase;
			buildActionMask = 2147483647;
			files = (
				E764B89526CA84E80008719D /* GBShopTests.swift in Sources */,
				E76D00B726DCF45400F98D4C /* ResponseCodableTest.swift in Sources */,
				E76D00BB26DCF62F00F98D4C /* GoodsTest.swift in Sources */,
				E76D00B926DCF61700F98D4C /* AuthTest.swift in Sources */,
			);
			runOnlyForDeploymentPostprocessing = 0;
		};
		E764B89726CA84E80008719D /* Sources */ = {
			isa = PBXSourcesBuildPhase;
			buildActionMask = 2147483647;
			files = (
				E764B8A026CA84E80008719D /* GBShopUITests.swift in Sources */,
			);
			runOnlyForDeploymentPostprocessing = 0;
		};
/* End PBXSourcesBuildPhase section */

/* Begin PBXTargetDependency section */
		E764B89226CA84E80008719D /* PBXTargetDependency */ = {
			isa = PBXTargetDependency;
			target = E764B87926CA84E70008719D /* GBShop */;
			targetProxy = E764B89126CA84E80008719D /* PBXContainerItemProxy */;
		};
		E764B89D26CA84E80008719D /* PBXTargetDependency */ = {
			isa = PBXTargetDependency;
			target = E764B87926CA84E70008719D /* GBShop */;
			targetProxy = E764B89C26CA84E80008719D /* PBXContainerItemProxy */;
		};
/* End PBXTargetDependency section */

/* Begin PBXVariantGroup section */
		E764B88826CA84E80008719D /* LaunchScreen.storyboard */ = {
			isa = PBXVariantGroup;
			children = (
				E764B88926CA84E80008719D /* Base */,
			);
			name = LaunchScreen.storyboard;
			sourceTree = "<group>";
		};
/* End PBXVariantGroup section */

/* Begin XCBuildConfiguration section */
		E764B8A226CA84E80008719D /* Debug */ = {
			isa = XCBuildConfiguration;
			buildSettings = {
				ALWAYS_SEARCH_USER_PATHS = NO;
				CLANG_ANALYZER_NONNULL = YES;
				CLANG_ANALYZER_NUMBER_OBJECT_CONVERSION = YES_AGGRESSIVE;
				CLANG_CXX_LANGUAGE_STANDARD = "gnu++14";
				CLANG_CXX_LIBRARY = "libc++";
				CLANG_ENABLE_MODULES = YES;
				CLANG_ENABLE_OBJC_ARC = YES;
				CLANG_ENABLE_OBJC_WEAK = YES;
				CLANG_WARN_BLOCK_CAPTURE_AUTORELEASING = YES;
				CLANG_WARN_BOOL_CONVERSION = YES;
				CLANG_WARN_COMMA = YES;
				CLANG_WARN_CONSTANT_CONVERSION = YES;
				CLANG_WARN_DEPRECATED_OBJC_IMPLEMENTATIONS = YES;
				CLANG_WARN_DIRECT_OBJC_ISA_USAGE = YES_ERROR;
				CLANG_WARN_DOCUMENTATION_COMMENTS = YES;
				CLANG_WARN_EMPTY_BODY = YES;
				CLANG_WARN_ENUM_CONVERSION = YES;
				CLANG_WARN_INFINITE_RECURSION = YES;
				CLANG_WARN_INT_CONVERSION = YES;
				CLANG_WARN_NON_LITERAL_NULL_CONVERSION = YES;
				CLANG_WARN_OBJC_IMPLICIT_RETAIN_SELF = YES;
				CLANG_WARN_OBJC_LITERAL_CONVERSION = YES;
				CLANG_WARN_OBJC_ROOT_CLASS = YES_ERROR;
				CLANG_WARN_QUOTED_INCLUDE_IN_FRAMEWORK_HEADER = YES;
				CLANG_WARN_RANGE_LOOP_ANALYSIS = YES;
				CLANG_WARN_STRICT_PROTOTYPES = YES;
				CLANG_WARN_SUSPICIOUS_MOVE = YES;
				CLANG_WARN_UNGUARDED_AVAILABILITY = YES_AGGRESSIVE;
				CLANG_WARN_UNREACHABLE_CODE = YES;
				CLANG_WARN__DUPLICATE_METHOD_MATCH = YES;
				COPY_PHASE_STRIP = NO;
				DEBUG_INFORMATION_FORMAT = dwarf;
				ENABLE_STRICT_OBJC_MSGSEND = YES;
				ENABLE_TESTABILITY = YES;
				GCC_C_LANGUAGE_STANDARD = gnu11;
				GCC_DYNAMIC_NO_PIC = NO;
				GCC_NO_COMMON_BLOCKS = YES;
				GCC_OPTIMIZATION_LEVEL = 0;
				GCC_PREPROCESSOR_DEFINITIONS = (
					"DEBUG=1",
					"$(inherited)",
				);
				GCC_WARN_64_TO_32_BIT_CONVERSION = YES;
				GCC_WARN_ABOUT_RETURN_TYPE = YES_ERROR;
				GCC_WARN_UNDECLARED_SELECTOR = YES;
				GCC_WARN_UNINITIALIZED_AUTOS = YES_AGGRESSIVE;
				GCC_WARN_UNUSED_FUNCTION = YES;
				GCC_WARN_UNUSED_VARIABLE = YES;
				IPHONEOS_DEPLOYMENT_TARGET = 14.5;
				MTL_ENABLE_DEBUG_INFO = INCLUDE_SOURCE;
				MTL_FAST_MATH = YES;
				ONLY_ACTIVE_ARCH = YES;
				SDKROOT = iphoneos;
				SWIFT_ACTIVE_COMPILATION_CONDITIONS = DEBUG;
				SWIFT_OPTIMIZATION_LEVEL = "-Onone";
			};
			name = Debug;
		};
		E764B8A326CA84E80008719D /* Release */ = {
			isa = XCBuildConfiguration;
			buildSettings = {
				ALWAYS_SEARCH_USER_PATHS = NO;
				CLANG_ANALYZER_NONNULL = YES;
				CLANG_ANALYZER_NUMBER_OBJECT_CONVERSION = YES_AGGRESSIVE;
				CLANG_CXX_LANGUAGE_STANDARD = "gnu++14";
				CLANG_CXX_LIBRARY = "libc++";
				CLANG_ENABLE_MODULES = YES;
				CLANG_ENABLE_OBJC_ARC = YES;
				CLANG_ENABLE_OBJC_WEAK = YES;
				CLANG_WARN_BLOCK_CAPTURE_AUTORELEASING = YES;
				CLANG_WARN_BOOL_CONVERSION = YES;
				CLANG_WARN_COMMA = YES;
				CLANG_WARN_CONSTANT_CONVERSION = YES;
				CLANG_WARN_DEPRECATED_OBJC_IMPLEMENTATIONS = YES;
				CLANG_WARN_DIRECT_OBJC_ISA_USAGE = YES_ERROR;
				CLANG_WARN_DOCUMENTATION_COMMENTS = YES;
				CLANG_WARN_EMPTY_BODY = YES;
				CLANG_WARN_ENUM_CONVERSION = YES;
				CLANG_WARN_INFINITE_RECURSION = YES;
				CLANG_WARN_INT_CONVERSION = YES;
				CLANG_WARN_NON_LITERAL_NULL_CONVERSION = YES;
				CLANG_WARN_OBJC_IMPLICIT_RETAIN_SELF = YES;
				CLANG_WARN_OBJC_LITERAL_CONVERSION = YES;
				CLANG_WARN_OBJC_ROOT_CLASS = YES_ERROR;
				CLANG_WARN_QUOTED_INCLUDE_IN_FRAMEWORK_HEADER = YES;
				CLANG_WARN_RANGE_LOOP_ANALYSIS = YES;
				CLANG_WARN_STRICT_PROTOTYPES = YES;
				CLANG_WARN_SUSPICIOUS_MOVE = YES;
				CLANG_WARN_UNGUARDED_AVAILABILITY = YES_AGGRESSIVE;
				CLANG_WARN_UNREACHABLE_CODE = YES;
				CLANG_WARN__DUPLICATE_METHOD_MATCH = YES;
				COPY_PHASE_STRIP = NO;
				DEBUG_INFORMATION_FORMAT = "dwarf-with-dsym";
				ENABLE_NS_ASSERTIONS = NO;
				ENABLE_STRICT_OBJC_MSGSEND = YES;
				GCC_C_LANGUAGE_STANDARD = gnu11;
				GCC_NO_COMMON_BLOCKS = YES;
				GCC_WARN_64_TO_32_BIT_CONVERSION = YES;
				GCC_WARN_ABOUT_RETURN_TYPE = YES_ERROR;
				GCC_WARN_UNDECLARED_SELECTOR = YES;
				GCC_WARN_UNINITIALIZED_AUTOS = YES_AGGRESSIVE;
				GCC_WARN_UNUSED_FUNCTION = YES;
				GCC_WARN_UNUSED_VARIABLE = YES;
				IPHONEOS_DEPLOYMENT_TARGET = 14.5;
				MTL_ENABLE_DEBUG_INFO = NO;
				MTL_FAST_MATH = YES;
				SDKROOT = iphoneos;
				SWIFT_COMPILATION_MODE = wholemodule;
				SWIFT_OPTIMIZATION_LEVEL = "-O";
				VALIDATE_PRODUCT = YES;
			};
			name = Release;
		};
		E764B8A526CA84E80008719D /* Debug */ = {
			isa = XCBuildConfiguration;
			baseConfigurationReference = 38519D13093567142E810E1E /* Pods-GBShop.debug.xcconfig */;
			buildSettings = {
				ASSETCATALOG_COMPILER_APPICON_NAME = AppIcon;
				ASSETCATALOG_COMPILER_GLOBAL_ACCENT_COLOR_NAME = AccentColor;
				CODE_SIGN_STYLE = Automatic;
				DEVELOPMENT_TEAM = 57YZ273FH6;
				INFOPLIST_FILE = /Users/dmitryemelyanov/Desktop/GBShop/GBShop/Environments/Info.plist;
				LD_RUNPATH_SEARCH_PATHS = (
					"$(inherited)",
					"@executable_path/Frameworks",
				);
				MACH_O_TYPE = mh_execute;
				PRODUCT_BUNDLE_IDENTIFIER = Dmitry.GBShop;
				PRODUCT_NAME = "$(TARGET_NAME)";
				SWIFT_VERSION = 5.0;
				TARGETED_DEVICE_FAMILY = "1,2";
			};
			name = Debug;
		};
		E764B8A626CA84E80008719D /* Release */ = {
			isa = XCBuildConfiguration;
			baseConfigurationReference = C1FE6E41666ABF4A6D85F626 /* Pods-GBShop.release.xcconfig */;
			buildSettings = {
				ASSETCATALOG_COMPILER_APPICON_NAME = AppIcon;
				ASSETCATALOG_COMPILER_GLOBAL_ACCENT_COLOR_NAME = AccentColor;
				CODE_SIGN_STYLE = Automatic;
				DEVELOPMENT_TEAM = 57YZ273FH6;
				INFOPLIST_FILE = /Users/dmitryemelyanov/Desktop/GBShop/GBShop/Environments/Info.plist;
				LD_RUNPATH_SEARCH_PATHS = (
					"$(inherited)",
					"@executable_path/Frameworks",
				);
				MACH_O_TYPE = mh_execute;
				PRODUCT_BUNDLE_IDENTIFIER = Dmitry.GBShop;
				PRODUCT_NAME = "$(TARGET_NAME)";
				SWIFT_VERSION = 5.0;
				TARGETED_DEVICE_FAMILY = "1,2";
			};
			name = Release;
		};
		E764B8A826CA84E80008719D /* Debug */ = {
			isa = XCBuildConfiguration;
			baseConfigurationReference = CBA22F42FD69D6AC92E04AD3 /* Pods-GBShopTests.debug.xcconfig */;
			buildSettings = {
				ALWAYS_EMBED_SWIFT_STANDARD_LIBRARIES = YES;
				BUNDLE_LOADER = "$(TEST_HOST)";
				CODE_SIGN_STYLE = Automatic;
				DEVELOPMENT_TEAM = 57YZ273FH6;
				INFOPLIST_FILE = GBShopTests/Info.plist;
				IPHONEOS_DEPLOYMENT_TARGET = 14.5;
				LD_RUNPATH_SEARCH_PATHS = (
					"$(inherited)",
					"@executable_path/Frameworks",
					"@loader_path/Frameworks",
				);
				PRODUCT_BUNDLE_IDENTIFIER = Dmitry.GBShopTests;
				PRODUCT_NAME = "$(TARGET_NAME)";
				SWIFT_VERSION = 5.0;
				TARGETED_DEVICE_FAMILY = "1,2";
				TEST_HOST = "$(BUILT_PRODUCTS_DIR)/GBShop.app/GBShop";
			};
			name = Debug;
		};
		E764B8A926CA84E80008719D /* Release */ = {
			isa = XCBuildConfiguration;
			baseConfigurationReference = 5CBB3CFE6284474F595F9CA2 /* Pods-GBShopTests.release.xcconfig */;
			buildSettings = {
				ALWAYS_EMBED_SWIFT_STANDARD_LIBRARIES = YES;
				BUNDLE_LOADER = "$(TEST_HOST)";
				CODE_SIGN_STYLE = Automatic;
				DEVELOPMENT_TEAM = 57YZ273FH6;
				INFOPLIST_FILE = GBShopTests/Info.plist;
				IPHONEOS_DEPLOYMENT_TARGET = 14.5;
				LD_RUNPATH_SEARCH_PATHS = (
					"$(inherited)",
					"@executable_path/Frameworks",
					"@loader_path/Frameworks",
				);
				PRODUCT_BUNDLE_IDENTIFIER = Dmitry.GBShopTests;
				PRODUCT_NAME = "$(TARGET_NAME)";
				SWIFT_VERSION = 5.0;
				TARGETED_DEVICE_FAMILY = "1,2";
				TEST_HOST = "$(BUILT_PRODUCTS_DIR)/GBShop.app/GBShop";
			};
			name = Release;
		};
		E764B8AB26CA84E80008719D /* Debug */ = {
			isa = XCBuildConfiguration;
			baseConfigurationReference = F2C0C2BF1E47A4D128688B39 /* Pods-GBShop-GBShopUITests.debug.xcconfig */;
			buildSettings = {
				ALWAYS_EMBED_SWIFT_STANDARD_LIBRARIES = YES;
				CODE_SIGN_STYLE = Automatic;
				DEVELOPMENT_TEAM = 57YZ273FH6;
				INFOPLIST_FILE = GBShopUITests/Info.plist;
				LD_RUNPATH_SEARCH_PATHS = (
					"$(inherited)",
					"@executable_path/Frameworks",
					"@loader_path/Frameworks",
				);
				PRODUCT_BUNDLE_IDENTIFIER = Dmitry.GBShopUITests;
				PRODUCT_NAME = "$(TARGET_NAME)";
				SWIFT_VERSION = 5.0;
				TARGETED_DEVICE_FAMILY = "1,2";
				TEST_TARGET_NAME = GBShop;
			};
			name = Debug;
		};
		E764B8AC26CA84E80008719D /* Release */ = {
			isa = XCBuildConfiguration;
			baseConfigurationReference = F1ABC5C3C27172814C347865 /* Pods-GBShop-GBShopUITests.release.xcconfig */;
			buildSettings = {
				ALWAYS_EMBED_SWIFT_STANDARD_LIBRARIES = YES;
				CODE_SIGN_STYLE = Automatic;
				DEVELOPMENT_TEAM = 57YZ273FH6;
				INFOPLIST_FILE = GBShopUITests/Info.plist;
				LD_RUNPATH_SEARCH_PATHS = (
					"$(inherited)",
					"@executable_path/Frameworks",
					"@loader_path/Frameworks",
				);
				PRODUCT_BUNDLE_IDENTIFIER = Dmitry.GBShopUITests;
				PRODUCT_NAME = "$(TARGET_NAME)";
				SWIFT_VERSION = 5.0;
				TARGETED_DEVICE_FAMILY = "1,2";
				TEST_TARGET_NAME = GBShop;
			};
			name = Release;
		};
/* End XCBuildConfiguration section */

/* Begin XCConfigurationList section */
		E764B87526CA84E70008719D /* Build configuration list for PBXProject "GBShop" */ = {
			isa = XCConfigurationList;
			buildConfigurations = (
				E764B8A226CA84E80008719D /* Debug */,
				E764B8A326CA84E80008719D /* Release */,
			);
			defaultConfigurationIsVisible = 0;
			defaultConfigurationName = Release;
		};
		E764B8A426CA84E80008719D /* Build configuration list for PBXNativeTarget "GBShop" */ = {
			isa = XCConfigurationList;
			buildConfigurations = (
				E764B8A526CA84E80008719D /* Debug */,
				E764B8A626CA84E80008719D /* Release */,
			);
			defaultConfigurationIsVisible = 0;
			defaultConfigurationName = Release;
		};
		E764B8A726CA84E80008719D /* Build configuration list for PBXNativeTarget "GBShopTests" */ = {
			isa = XCConfigurationList;
			buildConfigurations = (
				E764B8A826CA84E80008719D /* Debug */,
				E764B8A926CA84E80008719D /* Release */,
			);
			defaultConfigurationIsVisible = 0;
			defaultConfigurationName = Release;
		};
		E764B8AA26CA84E80008719D /* Build configuration list for PBXNativeTarget "GBShopUITests" */ = {
			isa = XCConfigurationList;
			buildConfigurations = (
				E764B8AB26CA84E80008719D /* Debug */,
				E764B8AC26CA84E80008719D /* Release */,
			);
			defaultConfigurationIsVisible = 0;
			defaultConfigurationName = Release;
		};
/* End XCConfigurationList section */
	};
	rootObject = E764B87226CA84E70008719D /* Project object */;
}
